
Microsoft Visual Studio Solution File, Format Version 12.00
# Visual Studio Version 17
VisualStudioVersion = 17.1.32328.378
MinimumVisualStudioVersion = 10.0.40219.1
Project("{9A19103F-16F7-4668-BE54-9A1E7A4F7556}") = "OCLab1", "OCLab1\OCLab1.csproj", "{53476ABE-F2E9-4209-AB73-575AB8E2474F}"
EndProject
Project("{9A19103F-16F7-4668-BE54-9A1E7A4F7556}") = "OCLab2CSharp", "OCLab2CSharp\OCLab2CSharp.csproj", "{F99A05C8-9CE8-4659-AB7C-22B8D0CC00A3}"
EndProject
Project("{8BC9CEB8-8B4A-11D0-8D11-00A0C91BC942}") = "OCLab3", "OCLab3\OCLab3.vcxproj", "{2AA26B4C-4521-41DC-A617-C273B8B17A1E}"
EndProject
Project("{FAE04EC0-301F-11D3-BF4B-00C04F79EFBC}") = "OCLab4.1", "OCLab4\OCLab4.1.csproj", "{5A6C7B4B-FDFC-47FD-AF9B-C46B9FB194AB}"
EndProject
Project("{FAE04EC0-301F-11D3-BF4B-00C04F79EFBC}") = "OCLab4.2", "OCLab4.2\OCLab4.2.csproj", "{4584AFE7-4335-4F6A-80CE-DBDFD75A33CF}"
EndProject
Global
	GlobalSection(SolutionConfigurationPlatforms) = preSolution
		Debug|Any CPU = Debug|Any CPU
		Debug|x64 = Debug|x64
		Debug|x86 = Debug|x86
		Release|Any CPU = Release|Any CPU
		Release|x64 = Release|x64
		Release|x86 = Release|x86
	EndGlobalSection
	GlobalSection(ProjectConfigurationPlatforms) = postSolution
		{53476ABE-F2E9-4209-AB73-575AB8E2474F}.Debug|Any CPU.ActiveCfg = Debug|Any CPU
		{53476ABE-F2E9-4209-AB73-575AB8E2474F}.Debug|Any CPU.Build.0 = Debug|Any CPU
		{53476ABE-F2E9-4209-AB73-575AB8E2474F}.Debug|x64.ActiveCfg = Debug|Any CPU
		{53476ABE-F2E9-4209-AB73-575AB8E2474F}.Debug|x64.Build.0 = Debug|Any CPU
		{53476ABE-F2E9-4209-AB73-575AB8E2474F}.Debug|x86.ActiveCfg = Debug|Any CPU
		{53476ABE-F2E9-4209-AB73-575AB8E2474F}.Debug|x86.Build.0 = Debug|Any CPU
		{53476ABE-F2E9-4209-AB73-575AB8E2474F}.Release|Any CPU.ActiveCfg = Release|Any CPU
		{53476ABE-F2E9-4209-AB73-575AB8E2474F}.Release|Any CPU.Build.0 = Release|Any CPU
		{53476ABE-F2E9-4209-AB73-575AB8E2474F}.Release|x64.ActiveCfg = Release|Any CPU
		{53476ABE-F2E9-4209-AB73-575AB8E2474F}.Release|x64.Build.0 = Release|Any CPU
		{53476ABE-F2E9-4209-AB73-575AB8E2474F}.Release|x86.ActiveCfg = Release|Any CPU
		{53476ABE-F2E9-4209-AB73-575AB8E2474F}.Release|x86.Build.0 = Release|Any CPU
		{F99A05C8-9CE8-4659-AB7C-22B8D0CC00A3}.Debug|Any CPU.ActiveCfg = Debug|Any CPU
		{F99A05C8-9CE8-4659-AB7C-22B8D0CC00A3}.Debug|Any CPU.Build.0 = Debug|Any CPU
		{F99A05C8-9CE8-4659-AB7C-22B8D0CC00A3}.Debug|x64.ActiveCfg = Debug|Any CPU
		{F99A05C8-9CE8-4659-AB7C-22B8D0CC00A3}.Debug|x64.Build.0 = Debug|Any CPU
		{F99A05C8-9CE8-4659-AB7C-22B8D0CC00A3}.Debug|x86.ActiveCfg = Debug|Any CPU
		{F99A05C8-9CE8-4659-AB7C-22B8D0CC00A3}.Debug|x86.Build.0 = Debug|Any CPU
		{F99A05C8-9CE8-4659-AB7C-22B8D0CC00A3}.Release|Any CPU.ActiveCfg = Release|Any CPU
		{F99A05C8-9CE8-4659-AB7C-22B8D0CC00A3}.Release|Any CPU.Build.0 = Release|Any CPU
		{F99A05C8-9CE8-4659-AB7C-22B8D0CC00A3}.Release|x64.ActiveCfg = Release|Any CPU
		{F99A05C8-9CE8-4659-AB7C-22B8D0CC00A3}.Release|x64.Build.0 = Release|Any CPU
		{F99A05C8-9CE8-4659-AB7C-22B8D0CC00A3}.Release|x86.ActiveCfg = Release|Any CPU
		{F99A05C8-9CE8-4659-AB7C-22B8D0CC00A3}.Release|x86.Build.0 = Release|Any CPU
		{2AA26B4C-4521-41DC-A617-C273B8B17A1E}.Debug|Any CPU.ActiveCfg = Debug|x64
		{2AA26B4C-4521-41DC-A617-C273B8B17A1E}.Debug|Any CPU.Build.0 = Debug|x64
		{2AA26B4C-4521-41DC-A617-C273B8B17A1E}.Debug|x64.ActiveCfg = Debug|x64
		{2AA26B4C-4521-41DC-A617-C273B8B17A1E}.Debug|x64.Build.0 = Debug|x64
		{2AA26B4C-4521-41DC-A617-C273B8B17A1E}.Debug|x86.ActiveCfg = Debug|Win32
		{2AA26B4C-4521-41DC-A617-C273B8B17A1E}.Debug|x86.Build.0 = Debug|Win32
		{2AA26B4C-4521-41DC-A617-C273B8B17A1E}.Release|Any CPU.ActiveCfg = Release|x64
		{2AA26B4C-4521-41DC-A617-C273B8B17A1E}.Release|Any CPU.Build.0 = Release|x64
		{2AA26B4C-4521-41DC-A617-C273B8B17A1E}.Release|x64.ActiveCfg = Release|x64
		{2AA26B4C-4521-41DC-A617-C273B8B17A1E}.Release|x64.Build.0 = Release|x64
		{2AA26B4C-4521-41DC-A617-C273B8B17A1E}.Release|x86.ActiveCfg = Release|Win32
		{2AA26B4C-4521-41DC-A617-C273B8B17A1E}.Release|x86.Build.0 = Release|Win32
		{5A6C7B4B-FDFC-47FD-AF9B-C46B9FB194AB}.Debug|Any CPU.ActiveCfg = Debug|Any CPU
		{5A6C7B4B-FDFC-47FD-AF9B-C46B9FB194AB}.Debug|Any CPU.Build.0 = Debug|Any CPU
		{5A6C7B4B-FDFC-47FD-AF9B-C46B9FB194AB}.Debug|x64.ActiveCfg = Debug|Any CPU
		{5A6C7B4B-FDFC-47FD-AF9B-C46B9FB194AB}.Debug|x64.Build.0 = Debug|Any CPU
		{5A6C7B4B-FDFC-47FD-AF9B-C46B9FB194AB}.Debug|x86.ActiveCfg = Debug|Any CPU
		{5A6C7B4B-FDFC-47FD-AF9B-C46B9FB194AB}.Debug|x86.Build.0 = Debug|Any CPU
		{5A6C7B4B-FDFC-47FD-AF9B-C46B9FB194AB}.Release|Any CPU.ActiveCfg = Release|Any CPU
		{5A6C7B4B-FDFC-47FD-AF9B-C46B9FB194AB}.Release|Any CPU.Build.0 = Release|Any CPU
		{5A6C7B4B-FDFC-47FD-AF9B-C46B9FB194AB}.Release|x64.ActiveCfg = Release|Any CPU
		{5A6C7B4B-FDFC-47FD-AF9B-C46B9FB194AB}.Release|x64.Build.0 = Release|Any CPU
		{5A6C7B4B-FDFC-47FD-AF9B-C46B9FB194AB}.Release|x86.ActiveCfg = Release|Any CPU
		{5A6C7B4B-FDFC-47FD-AF9B-C46B9FB194AB}.Release|x86.Build.0 = Release|Any CPU
		{4584AFE7-4335-4F6A-80CE-DBDFD75A33CF}.Debug|Any CPU.ActiveCfg = Debug|Any CPU
		{4584AFE7-4335-4F6A-80CE-DBDFD75A33CF}.Debug|Any CPU.Build.0 = Debug|Any CPU
		{4584AFE7-4335-4F6A-80CE-DBDFD75A33CF}.Debug|x64.ActiveCfg = Debug|Any CPU
		{4584AFE7-4335-4F6A-80CE-DBDFD75A33CF}.Debug|x64.Build.0 = Debug|Any CPU
		{4584AFE7-4335-4F6A-80CE-DBDFD75A33CF}.Debug|x86.ActiveCfg = Debug|Any CPU
		{4584AFE7-4335-4F6A-80CE-DBDFD75A33CF}.Debug|x86.Build.0 = Debug|Any CPU
		{4584AFE7-4335-4F6A-80CE-DBDFD75A33CF}.Release|Any CPU.ActiveCfg = Release|Any CPU
		{4584AFE7-4335-4F6A-80CE-DBDFD75A33CF}.Release|Any CPU.Build.0 = Release|Any CPU
		{4584AFE7-4335-4F6A-80CE-DBDFD75A33CF}.Release|x64.ActiveCfg = Release|Any CPU
		{4584AFE7-4335-4F6A-80CE-DBDFD75A33CF}.Release|x64.Build.0 = Release|Any CPU
		{4584AFE7-4335-4F6A-80CE-DBDFD75A33CF}.Release|x86.ActiveCfg = Release|Any CPU
		{4584AFE7-4335-4F6A-80CE-DBDFD75A33CF}.Release|x86.Build.0 = Release|Any CPU
	EndGlobalSection
	GlobalSection(SolutionProperties) = preSolution
		HideSolutionNode = FALSE
	EndGlobalSection
	GlobalSection(ExtensibilityGlobals) = postSolution
		SolutionGuid = {A5D598D5-00B4-4416-8510-8AAEBEF956DD}
	EndGlobalSection
EndGlobal
